{
  "version": 4,
  "terraform_version": "1.5.7",
  "serial": 4,
  "lineage": "701d640b-9571-4d9f-e2a8-6d7ecee943ab",
  "outputs": {
    "backend_config": {
      "value": {
        "container_name": "tfstate",
        "key": "tradingcenter.tfstate",
        "resource_group_name": "rg-tradingcenter-tfstate",
        "storage_account_name": "sttradingcenterstate"
      },
      "type": [
        "object",
        {
          "container_name": "string",
          "key": "string",
          "resource_group_name": "string",
          "storage_account_name": "string"
        }
      ]
    },
    "container_name": {
      "value": "tfstate",
      "type": "string"
    },
    "resource_group_name": {
      "value": "rg-tradingcenter-tfstate",
      "type": "string"
    },
    "storage_account_name": {
      "value": "sttradingcenterstate",
      "type": "string"
    }
  },
  "resources": [
    {
      "mode": "managed",
      "type": "azurerm_resource_group",
      "name": "tfstate",
      "provider": "provider[\"registry.terraform.io/hashicorp/azurerm\"]",
      "instances": [
        {
          "schema_version": 0,
          "attributes": {
            "id": "/subscriptions/86d47761-3dcd-4957-95ff-473da212e50b/resourceGroups/rg-tradingcenter-tfstate",
            "location": "polandcentral",
            "managed_by": "",
            "name": "rg-tradingcenter-tfstate",
            "tags": {
              "project": "tradingcenter",
              "purpose": "terraform-state"
            },
            "timeouts": null
          },
          "sensitive_attributes": [],
          "private": "eyJlMmJmYjczMC1lY2FhLTExZTYtOGY4OC0zNDM2M2JjN2M0YzAiOnsiY3JlYXRlIjo1NDAwMDAwMDAwMDAwLCJkZWxldGUiOjU0MDAwMDAwMDAwMDAsInJlYWQiOjMwMDAwMDAwMDAwMCwidXBkYXRlIjo1NDAwMDAwMDAwMDAwfX0="
        }
      ]
    },
    {
      "mode": "managed",
      "type": "azurerm_storage_account",
      "name": "tfstate",
      "provider": "provider[\"registry.terraform.io/hashicorp/azurerm\"]",
      "instances": [
        {
          "schema_version": 4,
          "attributes": {
            "access_tier": "Hot",
            "account_kind": "StorageV2",
            "account_replication_type": "LRS",
            "account_tier": "Standard",
            "allow_nested_items_to_be_public": true,
            "allowed_copy_scope": "",
            "azure_files_authentication": [],
            "blob_properties": [
              {
                "change_feed_enabled": false,
                "change_feed_retention_in_days": 0,
                "container_delete_retention_policy": [],
                "cors_rule": [],
                "default_service_version": "",
                "delete_retention_policy": [
                  {
                    "days": 30,
                    "permanent_delete_enabled": false
                  }
                ],
                "last_access_time_enabled": false,
                "restore_policy": [],
                "versioning_enabled": true
              }
            ],
            "cross_tenant_replication_enabled": false,
            "custom_domain": [],
            "customer_managed_key": [],
            "default_to_oauth_authentication": false,
            "dns_endpoint_type": "Standard",
            "edge_zone": "",
            "https_traffic_only_enabled": true,
            "id": "/subscriptions/86d47761-3dcd-4957-95ff-473da212e50b/resourceGroups/rg-tradingcenter-tfstate/providers/Microsoft.Storage/storageAccounts/sttradingcenterstate",
            "identity": [],
            "immutability_policy": [],
            "infrastructure_encryption_enabled": false,
            "is_hns_enabled": false,
            "large_file_share_enabled": false,
            "local_user_enabled": true,
            "location": "polandcentral",
            "min_tls_version": "TLS1_2",
            "name": "sttradingcenterstate",
            "network_rules": [],
            "nfsv3_enabled": false,
            "primary_access_key": "lYyM8Z7OcDCMWG0hDR0YCHLHGIFkrnR1qu/vi0Rsdj25XTvCA+Rx63JdSD/3HRIJO8gZ6WuafgAk+AStyV/+Jw==",
            "primary_blob_connection_string": "DefaultEndpointsProtocol=https;BlobEndpoint=https://sttradingcenterstate.blob.core.windows.net/;AccountName=sttradingcenterstate;AccountKey=lYyM8Z7OcDCMWG0hDR0YCHLHGIFkrnR1qu/vi0Rsdj25XTvCA+Rx63JdSD/3HRIJO8gZ6WuafgAk+AStyV/+Jw==",
            "primary_blob_endpoint": "https://sttradingcenterstate.blob.core.windows.net/",
            "primary_blob_host": "sttradingcenterstate.blob.core.windows.net",
            "primary_blob_internet_endpoint": "",
            "primary_blob_internet_host": "",
            "primary_blob_microsoft_endpoint": "",
            "primary_blob_microsoft_host": "",
            "primary_connection_string": "DefaultEndpointsProtocol=https;AccountName=sttradingcenterstate;AccountKey=lYyM8Z7OcDCMWG0hDR0YCHLHGIFkrnR1qu/vi0Rsdj25XTvCA+Rx63JdSD/3HRIJO8gZ6WuafgAk+AStyV/+Jw==;EndpointSuffix=core.windows.net",
            "primary_dfs_endpoint": "https://sttradingcenterstate.dfs.core.windows.net/",
            "primary_dfs_host": "sttradingcenterstate.dfs.core.windows.net",
            "primary_dfs_internet_endpoint": "",
            "primary_dfs_internet_host": "",
            "primary_dfs_microsoft_endpoint": "",
            "primary_dfs_microsoft_host": "",
            "primary_file_endpoint": "https://sttradingcenterstate.file.core.windows.net/",
            "primary_file_host": "sttradingcenterstate.file.core.windows.net",
            "primary_file_internet_endpoint": "",
            "primary_file_internet_host": "",
            "primary_file_microsoft_endpoint": "",
            "primary_file_microsoft_host": "",
            "primary_location": "polandcentral",
            "primary_queue_endpoint": "https://sttradingcenterstate.queue.core.windows.net/",
            "primary_queue_host": "sttradingcenterstate.queue.core.windows.net",
            "primary_queue_microsoft_endpoint": "",
            "primary_queue_microsoft_host": "",
            "primary_table_endpoint": "https://sttradingcenterstate.table.core.windows.net/",
            "primary_table_host": "sttradingcenterstate.table.core.windows.net",
            "primary_table_microsoft_endpoint": "",
            "primary_table_microsoft_host": "",
            "primary_web_endpoint": "https://sttradingcenterstate.z36.web.core.windows.net/",
            "primary_web_host": "sttradingcenterstate.z36.web.core.windows.net",
            "primary_web_internet_endpoint": "",
            "primary_web_internet_host": "",
            "primary_web_microsoft_endpoint": "",
            "primary_web_microsoft_host": "",
            "provisioned_billing_model_version": "",
            "public_network_access_enabled": true,
            "queue_encryption_key_type": "Service",
            "queue_properties": [
              {
                "cors_rule": [],
                "hour_metrics": [
                  {
                    "enabled": false,
                    "include_apis": false,
                    "retention_policy_days": 0,
                    "version": "1.0"
                  }
                ],
                "logging": [
                  {
                    "delete": false,
                    "read": false,
                    "retention_policy_days": 0,
                    "version": "1.0",
                    "write": false
                  }
                ],
                "minute_metrics": [
                  {
                    "enabled": false,
                    "include_apis": false,
                    "retention_policy_days": 0,
                    "version": "1.0"
                  }
                ]
              }
            ],
            "resource_group_name": "rg-tradingcenter-tfstate",
            "routing": [],
            "sas_policy": [],
            "secondary_access_key": "+szLDRFfU5pN44Q41a0LKcNbZ8Zj4I2ExfBD5e0zx/TzlXqptLlxelWS/gx+nh91sEaaxa1qs+6T+AStEZpG5A==",
            "secondary_blob_connection_string": "",
            "secondary_blob_endpoint": "",
            "secondary_blob_host": "",
            "secondary_blob_internet_endpoint": "",
            "secondary_blob_internet_host": "",
            "secondary_blob_microsoft_endpoint": "",
            "secondary_blob_microsoft_host": "",
            "secondary_connection_string": "DefaultEndpointsProtocol=https;AccountName=sttradingcenterstate;AccountKey=+szLDRFfU5pN44Q41a0LKcNbZ8Zj4I2ExfBD5e0zx/TzlXqptLlxelWS/gx+nh91sEaaxa1qs+6T+AStEZpG5A==;EndpointSuffix=core.windows.net",
            "secondary_dfs_endpoint": "",
            "secondary_dfs_host": "",
            "secondary_dfs_internet_endpoint": "",
            "secondary_dfs_internet_host": "",
            "secondary_dfs_microsoft_endpoint": "",
            "secondary_dfs_microsoft_host": "",
            "secondary_file_endpoint": "",
            "secondary_file_host": "",
            "secondary_file_internet_endpoint": "",
            "secondary_file_internet_host": "",
            "secondary_file_microsoft_endpoint": "",
            "secondary_file_microsoft_host": "",
            "secondary_location": "",
            "secondary_queue_endpoint": "",
            "secondary_queue_host": "",
            "secondary_queue_microsoft_endpoint": "",
            "secondary_queue_microsoft_host": "",
            "secondary_table_endpoint": "",
            "secondary_table_host": "",
            "secondary_table_microsoft_endpoint": "",
            "secondary_table_microsoft_host": "",
            "secondary_web_endpoint": "",
            "secondary_web_host": "",
            "secondary_web_internet_endpoint": "",
            "secondary_web_internet_host": "",
            "secondary_web_microsoft_endpoint": "",
            "secondary_web_microsoft_host": "",
            "sftp_enabled": false,
            "share_properties": [
              {
                "cors_rule": [],
                "retention_policy": [
                  {
                    "days": 7
                  }
                ],
                "smb": []
              }
            ],
            "shared_access_key_enabled": true,
            "static_website": [],
            "table_encryption_key_type": "Service",
            "tags": {
              "project": "tradingcenter",
              "purpose": "terraform-state"
            },
            "timeouts": null
          },
          "sensitive_attributes": [],
          "private": "eyJlMmJmYjczMC1lY2FhLTExZTYtOGY4OC0zNDM2M2JjN2M0YzAiOnsiY3JlYXRlIjozNjAwMDAwMDAwMDAwLCJkZWxldGUiOjM2MDAwMDAwMDAwMDAsInJlYWQiOjMwMDAwMDAwMDAwMCwidXBkYXRlIjozNjAwMDAwMDAwMDAwfSwic2NoZW1hX3ZlcnNpb24iOiI0In0=",
          "dependencies": [
            "azurerm_resource_group.tfstate"
          ]
        }
      ]
    },
    {
      "mode": "managed",
      "type": "azurerm_storage_container",
      "name": "tfstate",
      "provider": "provider[\"registry.terraform.io/hashicorp/azurerm\"]",
      "instances": [
        {
          "schema_version": 1,
          "attributes": {
            "container_access_type": "private",
            "default_encryption_scope": "$account-encryption-key",
            "encryption_scope_override_enabled": true,
            "has_immutability_policy": false,
            "has_legal_hold": false,
            "id": "/subscriptions/86d47761-3dcd-4957-95ff-473da212e50b/resourceGroups/rg-tradingcenter-tfstate/providers/Microsoft.Storage/storageAccounts/sttradingcenterstate/blobServices/default/containers/tfstate",
            "metadata": {},
            "name": "tfstate",
            "resource_manager_id": "/subscriptions/86d47761-3dcd-4957-95ff-473da212e50b/resourceGroups/rg-tradingcenter-tfstate/providers/Microsoft.Storage/storageAccounts/sttradingcenterstate/blobServices/default/containers/tfstate",
            "storage_account_id": "/subscriptions/86d47761-3dcd-4957-95ff-473da212e50b/resourceGroups/rg-tradingcenter-tfstate/providers/Microsoft.Storage/storageAccounts/sttradingcenterstate",
            "storage_account_name": "",
            "timeouts": null,
            "url": "https://sttradingcenterstate.blob.core.windows.net/tfstate"
          },
          "sensitive_attributes": [],
          "private": "eyJlMmJmYjczMC1lY2FhLTExZTYtOGY4OC0zNDM2M2JjN2M0YzAiOnsiY3JlYXRlIjoxODAwMDAwMDAwMDAwLCJkZWxldGUiOjE4MDAwMDAwMDAwMDAsInJlYWQiOjMwMDAwMDAwMDAwMCwidXBkYXRlIjoxODAwMDAwMDAwMDAwfSwic2NoZW1hX3ZlcnNpb24iOiIxIn0=",
          "dependencies": [
            "azurerm_resource_group.tfstate",
            "azurerm_storage_account.tfstate"
          ]
        }
      ]
    }
  ],
  "check_results": null
}
